
Microsoft Visual Studio Solution File, Format Version 12.00
# Visual Studio Version 16
VisualStudioVersion = 16.0.30523.141
MinimumVisualStudioVersion = 10.0.40219.1
Project("{F184B08F-C81C-45F6-A57F-5ABD9991F28F}") = "MemoEditSample", "MemoEditSample\MemoEditSample.vbproj", "{3BAA1732-F51E-46B8-8336-6A4853200516}"
EndProject
Global
	GlobalSection(SolutionConfigurationPlatforms) = preSolution
		Debug|Any CPU = Debug|Any CPU
		Release|Any CPU = Release|Any CPU
	EndGlobalSection
	GlobalSection(ProjectConfigurationPlatforms) = postSolution
		{3BAA1732-F51E-46B8-8336-6A4853200516}.Debug|Any CPU.ActiveCfg = Debug|Any CPU
		{3BAA1732-F51E-46B8-8336-6A4853200516}.Debug|Any CPU.Build.0 = Debug|Any CPU
		{3BAA1732-F51E-46B8-8336-6A4853200516}.Release|Any CPU.ActiveCfg = Release|Any CPU
		{3BAA1732-F51E-46B8-8336-6A4853200516}.Release|Any CPU.Build.0 = Release|Any CPU
	EndGlobalSection
	GlobalSection(SolutionProperties) = preSolution
		HideSolutionNode = FALSE
	EndGlobalSection
	GlobalSection(ExtensibilityGlobals) = postSolution
		SolutionGuid = {1BC69FA3-E029-4F65-A696-555EF78D7800}
	EndGlobalSection
EndGlobal
